{
    "name": "pdp-protos",
    "version": "1.0.0",
    "lockfileVersion": 2,
    "requires": true,
    "packages": {
        "": {
            "name": "pdp-protos",
            "version": "1.0.0",
            "dependencies": {
                "protoc-gen-ts": "^0.8.3-beta"
            }
        },
        "node_modules/google-protobuf": {
            "version": "3.19.4",
            "resolved": "https://registry.npmjs.org/google-protobuf/-/google-protobuf-3.19.4.tgz",
            "integrity": "sha512-OIPNCxsG2lkIvf+P5FNfJ/Km95CsXOBecS9ZcAU6m2Rq3svc0Apl9nB3GMDNKfQ9asNv4KjyAqGwPQFrVle3Yg==",
            "peer": true
        },
        "node_modules/protoc-gen-ts": {
            "version": "0.8.3-beta",
            "resolved": "https://registry.npmjs.org/protoc-gen-ts/-/protoc-gen-ts-0.8.3-beta.tgz",
            "integrity": "sha512-5cFcCntHk5gsvoe++X4Zgq3dzRRJ0PlTYMudF4grBX2qTcU8F1QPEkQABTS/p7FwT9wzIypSgccuWs8VTAbE6A==",
            "bin": {
                "protoc-gen-ts": "bin/protoc-gen-ts.js"
            },
            "funding": {
                "type": "individual",
                "url": "https://www.buymeacoffee.com/thesayyn"
            },
            "peerDependencies": {
                "google-protobuf": "^3.13.0",
                "typescript": ">=4"
            }
        },
        "node_modules/typescript": {
            "version": "4.6.2",
            "resolved": "https://registry.npmjs.org/typescript/-/typescript-4.6.2.tgz",
            "integrity": "sha512-HM/hFigTBHZhLXshn9sN37H085+hQGeJHJ/X7LpBWLID/fbc2acUMfU+lGD98X81sKP+pFa9f0DZmCwB9GnbAg==",
            "peer": true,
            "bin": {
                "tsc": "bin/tsc",
                "tsserver": "bin/tsserver"
            },
            "engines": {
                "node": ">=4.2.0"
            }
        }
    },
    "dependencies": {
        "google-protobuf": {
            "version": "3.19.4",
            "resolved": "https://registry.npmjs.org/google-protobuf/-/google-protobuf-3.19.4.tgz",
            "integrity": "sha512-OIPNCxsG2lkIvf+P5FNfJ/Km95CsXOBecS9ZcAU6m2Rq3svc0Apl9nB3GMDNKfQ9asNv4KjyAqGwPQFrVle3Yg==",
            "peer": true
        },
        "protoc-gen-ts": {
            "version": "0.8.3-beta",
            "resolved": "https://registry.npmjs.org/protoc-gen-ts/-/protoc-gen-ts-0.8.3-beta.tgz",
            "integrity": "sha512-5cFcCntHk5gsvoe++X4Zgq3dzRRJ0PlTYMudF4grBX2qTcU8F1QPEkQABTS/p7FwT9wzIypSgccuWs8VTAbE6A==",
            "requires": {}
        },
        "typescript": {
            "version": "4.6.2",
            "resolved": "https://registry.npmjs.org/typescript/-/typescript-4.6.2.tgz",
            "integrity": "sha512-HM/hFigTBHZhLXshn9sN37H085+hQGeJHJ/X7LpBWLID/fbc2acUMfU+lGD98X81sKP+pFa9f0DZmCwB9GnbAg==",
            "peer": true
        }
    }
}
